
Microsoft Visual Studio Solution File, Format Version 12.00
# Visual Studio Version 17
VisualStudioVersion = 17.1.32328.378
MinimumVisualStudioVersion = 10.0.40219.1
Project("{2150E333-8FDC-42A3-9474-1A3956D46DE8}") = "Core", "Core", "{000BEBA9-A37E-4A41-8E60-7F70A3A01A89}"
EndProject
Project("{9A19103F-16F7-4668-BE54-9A1E7A4F7556}") = "Lcw_GraduationProject.Domain", "Core\Lcw_GraduationProject.Domain\Lcw_GraduationProject.Domain.csproj", "{341848AE-72A7-4EA5-8398-A23F6E73DB53}"
EndProject
Project("{9A19103F-16F7-4668-BE54-9A1E7A4F7556}") = "Lcw_GraduationProject.Application", "Core\Lcw_GraduationProject.Application\Lcw_GraduationProject.Application.csproj", "{41C5402F-91E7-411A-9258-8F826B874932}"
EndProject
Project("{2150E333-8FDC-42A3-9474-1A3956D46DE8}") = "Infrastructure", "Infrastructure", "{9A29333C-38A3-4E18-9A41-45ACB030FCC4}"
EndProject
Project("{9A19103F-16F7-4668-BE54-9A1E7A4F7556}") = "Lcw_GraduationProject.Infrastructure", "Infrastructure\Lcw_GraduationProject.Infrastructure\Lcw_GraduationProject.Infrastructure.csproj", "{708BA4B8-B906-4DAE-8C0E-D9CE2252940D}"
EndProject
Project("{9A19103F-16F7-4668-BE54-9A1E7A4F7556}") = "Lcw_GraduationProject.Persistence", "Infrastructure\Lcw_GraduationProject.Persistence\Lcw_GraduationProject.Persistence.csproj", "{4E3107D9-6990-469F-86EC-7E8C9A5AEDB0}"
EndProject
Project("{2150E333-8FDC-42A3-9474-1A3956D46DE8}") = "Presentation", "Presentation", "{F85375ED-738A-4765-B858-9591784EDCB3}"
EndProject
Project("{9A19103F-16F7-4668-BE54-9A1E7A4F7556}") = "Lcw_GraduationProject.API", "Presentation\Lcw_GraduationProject.API\Lcw_GraduationProject.API.csproj", "{72BF9A21-17ED-43B9-A940-BB34016224EE}"
EndProject
Global
	GlobalSection(SolutionConfigurationPlatforms) = preSolution
		Debug|Any CPU = Debug|Any CPU
		Release|Any CPU = Release|Any CPU
	EndGlobalSection
	GlobalSection(ProjectConfigurationPlatforms) = postSolution
		{341848AE-72A7-4EA5-8398-A23F6E73DB53}.Debug|Any CPU.ActiveCfg = Debug|Any CPU
		{341848AE-72A7-4EA5-8398-A23F6E73DB53}.Debug|Any CPU.Build.0 = Debug|Any CPU
		{341848AE-72A7-4EA5-8398-A23F6E73DB53}.Release|Any CPU.ActiveCfg = Release|Any CPU
		{341848AE-72A7-4EA5-8398-A23F6E73DB53}.Release|Any CPU.Build.0 = Release|Any CPU
		{41C5402F-91E7-411A-9258-8F826B874932}.Debug|Any CPU.ActiveCfg = Debug|Any CPU
		{41C5402F-91E7-411A-9258-8F826B874932}.Debug|Any CPU.Build.0 = Debug|Any CPU
		{41C5402F-91E7-411A-9258-8F826B874932}.Release|Any CPU.ActiveCfg = Release|Any CPU
		{41C5402F-91E7-411A-9258-8F826B874932}.Release|Any CPU.Build.0 = Release|Any CPU
		{708BA4B8-B906-4DAE-8C0E-D9CE2252940D}.Debug|Any CPU.ActiveCfg = Debug|Any CPU
		{708BA4B8-B906-4DAE-8C0E-D9CE2252940D}.Debug|Any CPU.Build.0 = Debug|Any CPU
		{708BA4B8-B906-4DAE-8C0E-D9CE2252940D}.Release|Any CPU.ActiveCfg = Release|Any CPU
		{708BA4B8-B906-4DAE-8C0E-D9CE2252940D}.Release|Any CPU.Build.0 = Release|Any CPU
		{4E3107D9-6990-469F-86EC-7E8C9A5AEDB0}.Debug|Any CPU.ActiveCfg = Debug|Any CPU
		{4E3107D9-6990-469F-86EC-7E8C9A5AEDB0}.Debug|Any CPU.Build.0 = Debug|Any CPU
		{4E3107D9-6990-469F-86EC-7E8C9A5AEDB0}.Release|Any CPU.ActiveCfg = Release|Any CPU
		{4E3107D9-6990-469F-86EC-7E8C9A5AEDB0}.Release|Any CPU.Build.0 = Release|Any CPU
		{72BF9A21-17ED-43B9-A940-BB34016224EE}.Debug|Any CPU.ActiveCfg = Debug|Any CPU
		{72BF9A21-17ED-43B9-A940-BB34016224EE}.Debug|Any CPU.Build.0 = Debug|Any CPU
		{72BF9A21-17ED-43B9-A940-BB34016224EE}.Release|Any CPU.ActiveCfg = Release|Any CPU
		{72BF9A21-17ED-43B9-A940-BB34016224EE}.Release|Any CPU.Build.0 = Release|Any CPU
	EndGlobalSection
	GlobalSection(SolutionProperties) = preSolution
		HideSolutionNode = FALSE
	EndGlobalSection
	GlobalSection(NestedProjects) = preSolution
		{341848AE-72A7-4EA5-8398-A23F6E73DB53} = {000BEBA9-A37E-4A41-8E60-7F70A3A01A89}
		{41C5402F-91E7-411A-9258-8F826B874932} = {000BEBA9-A37E-4A41-8E60-7F70A3A01A89}
		{708BA4B8-B906-4DAE-8C0E-D9CE2252940D} = {9A29333C-38A3-4E18-9A41-45ACB030FCC4}
		{4E3107D9-6990-469F-86EC-7E8C9A5AEDB0} = {9A29333C-38A3-4E18-9A41-45ACB030FCC4}
		{72BF9A21-17ED-43B9-A940-BB34016224EE} = {F85375ED-738A-4765-B858-9591784EDCB3}
	EndGlobalSection
	GlobalSection(ExtensibilityGlobals) = postSolution
		SolutionGuid = {DD60948A-9F5D-4363-AC2A-E6E4DF972869}
	EndGlobalSection
EndGlobal
